PODS:
  - FMDB (2.3):
    - FMDB/standard
  - FMDB/common (2.3)
  - FMDB/standard (2.3):
    - FMDB/common
  - GRMustache (6.8.3):
    - JRSwizzle (~> 1.0)
  - JRSwizzle (1.0)
  - Mapbox-iOS-SDK (1.2.0):
    - FMDB (= 2.3)
    - GRMustache (= 6.8.3)
    - SMCalloutView (= 2.0)
  - SMCalloutView (2.0)
  - SWRevealViewController (2.1.0)

DEPENDENCIES:
  - Mapbox-iOS-SDK (~> 1.2)
  - SWRevealViewController (~> 2.1.0)

SPEC CHECKSUMS:
  FMDB: 31ec26773c7f7b7890a6038235a1f2bbd933a7cb
  GRMustache: ab96109b7ba4b9568425bea40d6cd2cdc7582b6c
  JRSwizzle: 30da7a2c539a4ebf954b16d15f6dd8221c9f6fa5
  Mapbox-iOS-SDK: 961de5e8caba54a093d69b89696816b55f4c0254
  SMCalloutView: c1906604d47c058400ade5c9d52ab98aa77b7e76
  SWRevealViewController: f76796aab107be84940e20fb3e0fdab8f3ac987b

COCOAPODS: 0.33.1
